
Microsoft Visual Studio Solution File, Format Version 12.00
# Visual Studio Version 16
VisualStudioVersion = 16.0.30114.105
MinimumVisualStudioVersion = 10.0.40219.1
Project("{FAE04EC0-301F-11D3-BF4B-00C04F79EFBC}") = "MacroSwitch", "MacroSwitch\MacroSwitch.csproj", "{8721C848-B5D7-4D38-9908-E209107C1C5E}"
EndProject
Global
	GlobalSection(SolutionConfigurationPlatforms) = preSolution
		Debug|Any CPU = Debug|Any CPU
		Release|Any CPU = Release|Any CPU
	EndGlobalSection
	GlobalSection(ProjectConfigurationPlatforms) = postSolution
		{8721C848-B5D7-4D38-9908-E209107C1C5E}.Debug|Any CPU.ActiveCfg = Debug|Any CPU
		{8721C848-B5D7-4D38-9908-E209107C1C5E}.Debug|Any CPU.Build.0 = Debug|Any CPU
		{8721C848-B5D7-4D38-9908-E209107C1C5E}.Release|Any CPU.ActiveCfg = Release|Any CPU
		{8721C848-B5D7-4D38-9908-E209107C1C5E}.Release|Any CPU.Build.0 = Release|Any CPU
	EndGlobalSection
	GlobalSection(SolutionProperties) = preSolution
		HideSolutionNode = FALSE
	EndGlobalSection
	GlobalSection(ExtensibilityGlobals) = postSolution
		SolutionGuid = {B5E96B45-33F0-4B36-90C5-FF8DA34B2B41}
	EndGlobalSection
EndGlobal
